
Microsoft Visual Studio Solution File, Format Version 12.00
# Visual Studio Version 16
VisualStudioVersion = 16.0.29009.5
MinimumVisualStudioVersion = 10.0.40219.1
Project("{9A19103F-16F7-4668-BE54-9A1E7A4F7556}") = "Dotshop.API", "..\Dotshop.API\Dotshop.API.csproj", "{E9CECE71-F68B-4129-9594-D289E4811670}"
EndProject
Project("{9A19103F-16F7-4668-BE54-9A1E7A4F7556}") = "Dotshop.Core", "..\Dotshop.Core\Dotshop.Core.csproj", "{C9DA2B33-0CD5-482C-972F-90F1F352FA5E}"
EndProject
Project("{9A19103F-16F7-4668-BE54-9A1E7A4F7556}") = "Dotshop.Infrastructure", "..\Dotshop.Infrastructure\Dotshop.Infrastructure.csproj", "{6DC87297-58DD-452B-AF3C-58E927B254F7}"
EndProject
Global
	GlobalSection(SolutionConfigurationPlatforms) = preSolution
		Debug|Any CPU = Debug|Any CPU
		Release|Any CPU = Release|Any CPU
	EndGlobalSection
	GlobalSection(ProjectConfigurationPlatforms) = postSolution
		{E9CECE71-F68B-4129-9594-D289E4811670}.Debug|Any CPU.ActiveCfg = Debug|Any CPU
		{E9CECE71-F68B-4129-9594-D289E4811670}.Debug|Any CPU.Build.0 = Debug|Any CPU
		{E9CECE71-F68B-4129-9594-D289E4811670}.Release|Any CPU.ActiveCfg = Release|Any CPU
		{E9CECE71-F68B-4129-9594-D289E4811670}.Release|Any CPU.Build.0 = Release|Any CPU
		{C9DA2B33-0CD5-482C-972F-90F1F352FA5E}.Debug|Any CPU.ActiveCfg = Debug|Any CPU
		{C9DA2B33-0CD5-482C-972F-90F1F352FA5E}.Debug|Any CPU.Build.0 = Debug|Any CPU
		{C9DA2B33-0CD5-482C-972F-90F1F352FA5E}.Release|Any CPU.ActiveCfg = Release|Any CPU
		{C9DA2B33-0CD5-482C-972F-90F1F352FA5E}.Release|Any CPU.Build.0 = Release|Any CPU
		{6DC87297-58DD-452B-AF3C-58E927B254F7}.Debug|Any CPU.ActiveCfg = Debug|Any CPU
		{6DC87297-58DD-452B-AF3C-58E927B254F7}.Debug|Any CPU.Build.0 = Debug|Any CPU
		{6DC87297-58DD-452B-AF3C-58E927B254F7}.Release|Any CPU.ActiveCfg = Release|Any CPU
		{6DC87297-58DD-452B-AF3C-58E927B254F7}.Release|Any CPU.Build.0 = Release|Any CPU
	EndGlobalSection
	GlobalSection(SolutionProperties) = preSolution
		HideSolutionNode = FALSE
	EndGlobalSection
	GlobalSection(ExtensibilityGlobals) = postSolution
		SolutionGuid = {F88E58E2-E307-44C9-8170-F190464C9AB4}
	EndGlobalSection
EndGlobal
